
Microsoft Visual Studio Solution File, Format Version 12.00
# Visual Studio Version 16
VisualStudioVersion = 16.0.30011.22
MinimumVisualStudioVersion = 10.0.40219.1
Project("{FAE04EC0-301F-11D3-BF4B-00C04F79EFBC}") = "drs-csharp", "drs-csharp.csproj", "{9B239BC8-4308-4FB8-9B99-6194E7841209}"
EndProject
Global
	GlobalSection(SolutionConfigurationPlatforms) = preSolution
		Debug|Any CPU = Debug|Any CPU
		Release|Any CPU = Release|Any CPU
	EndGlobalSection
	GlobalSection(ProjectConfigurationPlatforms) = postSolution
		{9B239BC8-4308-4FB8-9B99-6194E7841209}.Debug|Any CPU.ActiveCfg = Debug|Any CPU
		{9B239BC8-4308-4FB8-9B99-6194E7841209}.Debug|Any CPU.Build.0 = Debug|Any CPU
		{9B239BC8-4308-4FB8-9B99-6194E7841209}.Release|Any CPU.ActiveCfg = Release|Any CPU
		{9B239BC8-4308-4FB8-9B99-6194E7841209}.Release|Any CPU.Build.0 = Release|Any CPU
	EndGlobalSection
	GlobalSection(SolutionProperties) = preSolution
		HideSolutionNode = FALSE
	EndGlobalSection
	GlobalSection(ExtensibilityGlobals) = postSolution
		SolutionGuid = {BC1B7DB9-42DD-4187-BBDE-1FDB471916E8}
	EndGlobalSection
EndGlobal
